// !$*UTF8*$!
{
	archiveVersion = 1;
	classes = {
	};
	objectVersion = 50;
	objects = {

/* Begin PBXBuildFile section */
		FBE2B8C32463DDF300B4AFCB /* AppDelegate.swift in Sources */ = {isa = PBXBuildFile; fileRef = FBE2B8C22463DDF300B4AFCB /* AppDelegate.swift */; };
		FBE2B8C52463DDF300B4AFCB /* SceneDelegate.swift in Sources */ = {isa = PBXBuildFile; fileRef = FBE2B8C42463DDF300B4AFCB /* SceneDelegate.swift */; };
		FBE2B8C72463DDF300B4AFCB /* OnboardingView.swift in Sources */ = {isa = PBXBuildFile; fileRef = FBE2B8C62463DDF300B4AFCB /* OnboardingView.swift */; };
		FBE2B8C92463DDF400B4AFCB /* Assets.xcassets in Resources */ = {isa = PBXBuildFile; fileRef = FBE2B8C82463DDF400B4AFCB /* Assets.xcassets */; };
		FBE2B8CC2463DDF400B4AFCB /* Preview Assets.xcassets in Resources */ = {isa = PBXBuildFile; fileRef = FBE2B8CB2463DDF400B4AFCB /* Preview Assets.xcassets */; };
		FBE2B8CF2463DDF400B4AFCB /* LaunchScreen.storyboard in Resources */ = {isa = PBXBuildFile; fileRef = FBE2B8CD2463DDF400B4AFCB /* LaunchScreen.storyboard */; };
		FBE2B8D72463E2AB00B4AFCB /* OnboardingRowView.swift in Sources */ = {isa = PBXBuildFile; fileRef = FBE2B8D62463E2AB00B4AFCB /* OnboardingRowView.swift */; };
		FBE2B8D92463E5E900B4AFCB /* Onboarding.swift in Sources */ = {isa = PBXBuildFile; fileRef = FBE2B8D82463E5E900B4AFCB /* Onboarding.swift */; };
		FBE2B8DB2463E87A00B4AFCB /* OnboadingActionView.swift in Sources */ = {isa = PBXBuildFile; fileRef = FBE2B8DA2463E87A00B4AFCB /* OnboadingActionView.swift */; };
		FBE2B8DD2463ED8800B4AFCB /* OnboardingListView.swift in Sources */ = {isa = PBXBuildFile; fileRef = FBE2B8DC2463ED8800B4AFCB /* OnboardingListView.swift */; };
		FBE2B8DF2463FA2B00B4AFCB /* MainView.swift in Sources */ = {isa = PBXBuildFile; fileRef = FBE2B8DE2463FA2B00B4AFCB /* MainView.swift */; };
		FBE2B8E32464112300B4AFCB /* 2.png in Resources */ = {isa = PBXBuildFile; fileRef = FBE2B8E12464112300B4AFCB /* 2.png */; };
		FBE2B8E42464112300B4AFCB /* 1.png in Resources */ = {isa = PBXBuildFile; fileRef = FBE2B8E22464112300B4AFCB /* 1.png */; };
		FBE2B8E62464116400B4AFCB /* README.md in Resources */ = {isa = PBXBuildFile; fileRef = FBE2B8E52464116400B4AFCB /* README.md */; };
/* End PBXBuildFile section */

/* Begin PBXFileReference section */
		FBE2B8BF2463DDF300B4AFCB /* WelcomePrompt.app */ = {isa = PBXFileReference; explicitFileType = wrapper.application; includeInIndex = 0; path = WelcomePrompt.app; sourceTree = BUILT_PRODUCTS_DIR; };
		FBE2B8C22463DDF300B4AFCB /* AppDelegate.swift */ = {isa = PBXFileReference; lastKnownFileType = sourcecode.swift; path = AppDelegate.swift; sourceTree = "<group>"; };
		FBE2B8C42463DDF300B4AFCB /* SceneDelegate.swift */ = {isa = PBXFileReference; lastKnownFileType = sourcecode.swift; path = SceneDelegate.swift; sourceTree = "<group>"; };
		FBE2B8C62463DDF300B4AFCB /* OnboardingView.swift */ = {isa = PBXFileReference; lastKnownFileType = sourcecode.swift; path = OnboardingView.swift; sourceTree = "<group>"; };
		FBE2B8C82463DDF400B4AFCB /* Assets.xcassets */ = {isa = PBXFileReference; lastKnownFileType = folder.assetcatalog; path = Assets.xcassets; sourceTree = "<group>"; };
		FBE2B8CB2463DDF400B4AFCB /* Preview Assets.xcassets */ = {isa = PBXFileReference; lastKnownFileType = folder.assetcatalog; path = "Preview Assets.xcassets"; sourceTree = "<group>"; };
		FBE2B8CE2463DDF400B4AFCB /* Base */ = {isa = PBXFileReference; lastKnownFileType = file.storyboard; name = Base; path = Base.lproj/LaunchScreen.storyboard; sourceTree = "<group>"; };
		FBE2B8D02463DDF400B4AFCB /* Info.plist */ = {isa = PBXFileReference; lastKnownFileType = text.plist.xml; path = Info.plist; sourceTree = "<group>"; };
		FBE2B8D62463E2AB00B4AFCB /* OnboardingRowView.swift */ = {isa = PBXFileReference; lastKnownFileType = sourcecode.swift; path = OnboardingRowView.swift; sourceTree = "<group>"; };
		FBE2B8D82463E5E900B4AFCB /* Onboarding.swift */ = {isa = PBXFileReference; lastKnownFileType = sourcecode.swift; path = Onboarding.swift; sourceTree = "<group>"; };
		FBE2B8DA2463E87A00B4AFCB /* OnboadingActionView.swift */ = {isa = PBXFileReference; lastKnownFileType = sourcecode.swift; path = OnboadingActionView.swift; sourceTree = "<group>"; };
		FBE2B8DC2463ED8800B4AFCB /* OnboardingListView.swift */ = {isa = PBXFileReference; lastKnownFileType = sourcecode.swift; path = OnboardingListView.swift; sourceTree = "<group>"; };
		FBE2B8DE2463FA2B00B4AFCB /* MainView.swift */ = {isa = PBXFileReference; lastKnownFileType = sourcecode.swift; path = MainView.swift; sourceTree = "<group>"; };
		FBE2B8E12464112300B4AFCB /* 2.png */ = {isa = PBXFileReference; lastKnownFileType = image.png; path = 2.png; sourceTree = "<group>"; };
		FBE2B8E22464112300B4AFCB /* 1.png */ = {isa = PBXFileReference; lastKnownFileType = image.png; path = 1.png; sourceTree = "<group>"; };
		FBE2B8E52464116400B4AFCB /* README.md */ = {isa = PBXFileReference; fileEncoding = 4; lastKnownFileType = net.daringfireball.markdown; path = README.md; sourceTree = "<group>"; };
/* End PBXFileReference section */

/* Begin PBXFrameworksBuildPhase section */
		FBE2B8BC2463DDF300B4AFCB /* Frameworks */ = {
			isa = PBXFrameworksBuildPhase;
			buildActionMask = 2147483647;
			files = (
			);
			runOnlyForDeploymentPostprocessing = 0;
		};
/* End PBXFrameworksBuildPhase section */

/* Begin PBXGroup section */
		FBE2B8B62463DDF300B4AFCB = {
			isa = PBXGroup;
			children = (
				FBE2B8E52464116400B4AFCB /* README.md */,
				FBE2B8C12463DDF300B4AFCB /* WelcomePrompt */,
				FBE2B8C02463DDF300B4AFCB /* Products */,
			);
			sourceTree = "<group>";
		};
		FBE2B8C02463DDF300B4AFCB /* Products */ = {
			isa = PBXGroup;
			children = (
				FBE2B8BF2463DDF300B4AFCB /* WelcomePrompt.app */,
			);
			name = Products;
			sourceTree = "<group>";
		};
		FBE2B8C12463DDF300B4AFCB /* WelcomePrompt */ = {
			isa = PBXGroup;
			children = (
				FBE2B8E02464112300B4AFCB /* Screenshots */,
				FBE2B8C22463DDF300B4AFCB /* AppDelegate.swift */,
				FBE2B8C42463DDF300B4AFCB /* SceneDelegate.swift */,
				FBE2B8DE2463FA2B00B4AFCB /* MainView.swift */,
				FBE2B8C62463DDF300B4AFCB /* OnboardingView.swift */,
				FBE2B8D62463E2AB00B4AFCB /* OnboardingRowView.swift */,
				FBE2B8DA2463E87A00B4AFCB /* OnboadingActionView.swift */,
				FBE2B8DC2463ED8800B4AFCB /* OnboardingListView.swift */,
				FBE2B8D82463E5E900B4AFCB /* Onboarding.swift */,
				FBE2B8C82463DDF400B4AFCB /* Assets.xcassets */,
				FBE2B8CD2463DDF400B4AFCB /* LaunchScreen.storyboard */,
				FBE2B8D02463DDF400B4AFCB /* Info.plist */,
				FBE2B8CA2463DDF400B4AFCB /* Preview Content */,
			);
			path = WelcomePrompt;
			sourceTree = "<group>";
		};
		FBE2B8CA2463DDF400B4AFCB /* Preview Content */ = {
			isa = PBXGroup;
			children = (
				FBE2B8CB2463DDF400B4AFCB /* Preview Assets.xcassets */,
			);
			path = "Preview Content";
			sourceTree = "<group>";
		};
		FBE2B8E02464112300B4AFCB /* Screenshots */ = {
			isa = PBXGroup;
			children = (
				FBE2B8E12464112300B4AFCB /* 2.png */,
				FBE2B8E22464112300B4AFCB /* 1.png */,
			);
			path = Screenshots;
			sourceTree = "<group>";
		};
/* End PBXGroup section */

/* Begin PBXNativeTarget section */
		FBE2B8BE2463DDF300B4AFCB /* WelcomePrompt */ = {
			isa = PBXNativeTarget;
			buildConfigurationList = FBE2B8D32463DDF400B4AFCB /* Build configuration list for PBXNativeTarget "WelcomePrompt" */;
			buildPhases = (
				FBE2B8BB2463DDF300B4AFCB /* Sources */,
				FBE2B8BC2463DDF300B4AFCB /* Frameworks */,
				FBE2B8BD2463DDF300B4AFCB /* Resources */,
			);
			buildRules = (
			);
			dependencies = (
			);
			name = WelcomePrompt;
			productName = WelcomePrompt;
			productReference = FBE2B8BF2463DDF300B4AFCB /* WelcomePrompt.app */;
			productType = "com.apple.product-type.application";
		};
/* End PBXNativeTarget section */

/* Begin PBXProject section */
		FBE2B8B72463DDF300B4AFCB /* Project object */ = {
			isa = PBXProject;
			attributes = {
				LastSwiftUpdateCheck = 1140;
				LastUpgradeCheck = 1140;
				ORGANIZATIONNAME = Mohshin;
				TargetAttributes = {
					FBE2B8BE2463DDF300B4AFCB = {
						CreatedOnToolsVersion = 11.4.1;
					};
				};
			};
			buildConfigurationList = FBE2B8BA2463DDF300B4AFCB /* Build configuration list for PBXProject "WelcomePrompt" */;
			compatibilityVersion = "Xcode 9.3";
			developmentRegion = en;
			hasScannedForEncodings = 0;
			knownRegions = (
				en,
				Base,
			);
			mainGroup = FBE2B8B62463DDF300B4AFCB;
			productRefGroup = FBE2B8C02463DDF300B4AFCB /* Products */;
			projectDirPath = "";
			projectRoot = "";
			targets = (
				FBE2B8BE2463DDF300B4AFCB /* WelcomePrompt */,
			);
		};
/* End PBXProject section */

/* Begin PBXResourcesBuildPhase section */
		FBE2B8BD2463DDF300B4AFCB /* Resources */ = {
			isa = PBXResourcesBuildPhase;
			buildActionMask = 2147483647;
			files = (
				FBE2B8E62464116400B4AFCB /* README.md in Resources */,
				FBE2B8CF2463DDF400B4AFCB /* LaunchScreen.storyboard in Resources */,
				FBE2B8CC2463DDF400B4AFCB /* Preview Assets.xcassets in Resources */,
				FBE2B8E32464112300B4AFCB /* 2.png in Resources */,
				FBE2B8E42464112300B4AFCB /* 1.png in Resources */,
				FBE2B8C92463DDF400B4AFCB /* Assets.xcassets in Resources */,
			);
			runOnlyForDeploymentPostprocessing = 0;
		};
/* End PBXResourcesBuildPhase section */

/* Begin PBXSourcesBuildPhase section */
		FBE2B8BB2463DDF300B4AFCB /* Sources */ = {
			isa = PBXSourcesBuildPhase;
			buildActionMask = 2147483647;
			files = (
				FBE2B8D72463E2AB00B4AFCB /* OnboardingRowView.swift in Sources */,
				FBE2B8DF2463FA2B00B4AFCB /* MainView.swift in Sources */,
				FBE2B8C32463DDF300B4AFCB /* AppDelegate.swift in Sources */,
				FBE2B8DB2463E87A00B4AFCB /* OnboadingActionView.swift in Sources */,
				FBE2B8DD2463ED8800B4AFCB /* OnboardingListView.swift in Sources */,
				FBE2B8D92463E5E900B4AFCB /* Onboarding.swift in Sources */,
				FBE2B8C52463DDF300B4AFCB /* SceneDelegate.swift in Sources */,
				FBE2B8C72463DDF300B4AFCB /* OnboardingView.swift in Sources */,
			);
			runOnlyForDeploymentPostprocessing = 0;
		};
/* End PBXSourcesBuildPhase section */

/* Begin PBXVariantGroup section */
		FBE2B8CD2463DDF400B4AFCB /* LaunchScreen.storyboard */ = {
			isa = PBXVariantGroup;
			children = (
				FBE2B8CE2463DDF400B4AFCB /* Base */,
			);
			name = LaunchScreen.storyboard;
			sourceTree = "<group>";
		};
/* End PBXVariantGroup section */

/* Begin XCBuildConfiguration section */
		FBE2B8D12463DDF400B4AFCB /* Debug */ = {
			isa = XCBuildConfiguration;
			buildSettings = {
				ALWAYS_SEARCH_USER_PATHS = NO;
				CLANG_ANALYZER_NONNULL = YES;
				CLANG_ANALYZER_NUMBER_OBJECT_CONVERSION = YES_AGGRESSIVE;
				CLANG_CXX_LANGUAGE_STANDARD = "gnu++14";
				CLANG_CXX_LIBRARY = "libc++";
				CLANG_ENABLE_MODULES = YES;
				CLANG_ENABLE_OBJC_ARC = YES;
				CLANG_ENABLE_OBJC_WEAK = YES;
				CLANG_WARN_BLOCK_CAPTURE_AUTORELEASING = YES;
				CLANG_WARN_BOOL_CONVERSION = YES;
				CLANG_WARN_COMMA = YES;
				CLANG_WARN_CONSTANT_CONVERSION = YES;
				CLANG_WARN_DEPRECATED_OBJC_IMPLEMENTATIONS = YES;
				CLANG_WARN_DIRECT_OBJC_ISA_USAGE = YES_ERROR;
				CLANG_WARN_DOCUMENTATION_COMMENTS = YES;
				CLANG_WARN_EMPTY_BODY = YES;
				CLANG_WARN_ENUM_CONVERSION = YES;
				CLANG_WARN_INFINITE_RECURSION = YES;
				CLANG_WARN_INT_CONVERSION = YES;
				CLANG_WARN_NON_LITERAL_NULL_CONVERSION = YES;
				CLANG_WARN_OBJC_IMPLICIT_RETAIN_SELF = YES;
				CLANG_WARN_OBJC_LITERAL_CONVERSION = YES;
				CLANG_WARN_OBJC_ROOT_CLASS = YES_ERROR;
				CLANG_WARN_RANGE_LOOP_ANALYSIS = YES;
				CLANG_WARN_STRICT_PROTOTYPES = YES;
				CLANG_WARN_SUSPICIOUS_MOVE = YES;
				CLANG_WARN_UNGUARDED_AVAILABILITY = YES_AGGRESSIVE;
				CLANG_WARN_UNREACHABLE_CODE = YES;
				CLANG_WARN__DUPLICATE_METHOD_MATCH = YES;
				COPY_PHASE_STRIP = NO;
				DEBUG_INFORMATION_FORMAT = dwarf;
				ENABLE_STRICT_OBJC_MSGSEND = YES;
				ENABLE_TESTABILITY = YES;
				GCC_C_LANGUAGE_STANDARD = gnu11;
				GCC_DYNAMIC_NO_PIC = NO;
				GCC_NO_COMMON_BLOCKS = YES;
				GCC_OPTIMIZATION_LEVEL = 0;
				GCC_PREPROCESSOR_DEFINITIONS = (
					"DEBUG=1",
					"$(inherited)",
				);
				GCC_WARN_64_TO_32_BIT_CONVERSION = YES;
				GCC_WARN_ABOUT_RETURN_TYPE = YES_ERROR;
				GCC_WARN_UNDECLARED_SELECTOR = YES;
				GCC_WARN_UNINITIALIZED_AUTOS = YES_AGGRESSIVE;
				GCC_WARN_UNUSED_FUNCTION = YES;
				GCC_WARN_UNUSED_VARIABLE = YES;
				IPHONEOS_DEPLOYMENT_TARGET = 13.4;
				MTL_ENABLE_DEBUG_INFO = INCLUDE_SOURCE;
				MTL_FAST_MATH = YES;
				ONLY_ACTIVE_ARCH = YES;
				SDKROOT = iphoneos;
				SWIFT_ACTIVE_COMPILATION_CONDITIONS = DEBUG;
				SWIFT_OPTIMIZATION_LEVEL = "-Onone";
			};
			name = Debug;
		};
		FBE2B8D22463DDF400B4AFCB /* Release */ = {
			isa = XCBuildConfiguration;
			buildSettings = {
				ALWAYS_SEARCH_USER_PATHS = NO;
				CLANG_ANALYZER_NONNULL = YES;
				CLANG_ANALYZER_NUMBER_OBJECT_CONVERSION = YES_AGGRESSIVE;
				CLANG_CXX_LANGUAGE_STANDARD = "gnu++14";
				CLANG_CXX_LIBRARY = "libc++";
				CLANG_ENABLE_MODULES = YES;
				CLANG_ENABLE_OBJC_ARC = YES;
				CLANG_ENABLE_OBJC_WEAK = YES;
				CLANG_WARN_BLOCK_CAPTURE_AUTORELEASING = YES;
				CLANG_WARN_BOOL_CONVERSION = YES;
				CLANG_WARN_COMMA = YES;
				CLANG_WARN_CONSTANT_CONVERSION = YES;
				CLANG_WARN_DEPRECATED_OBJC_IMPLEMENTATIONS = YES;
				CLANG_WARN_DIRECT_OBJC_ISA_USAGE = YES_ERROR;
				CLANG_WARN_DOCUMENTATION_COMMENTS = YES;
				CLANG_WARN_EMPTY_BODY = YES;
				CLANG_WARN_ENUM_CONVERSION = YES;
				CLANG_WARN_INFINITE_RECURSION = YES;
				CLANG_WARN_INT_CONVERSION = YES;
				CLANG_WARN_NON_LITERAL_NULL_CONVERSION = YES;
				CLANG_WARN_OBJC_IMPLICIT_RETAIN_SELF = YES;
				CLANG_WARN_OBJC_LITERAL_CONVERSION = YES;
				CLANG_WARN_OBJC_ROOT_CLASS = YES_ERROR;
				CLANG_WARN_RANGE_LOOP_ANALYSIS = YES;
				CLANG_WARN_STRICT_PROTOTYPES = YES;
				CLANG_WARN_SUSPICIOUS_MOVE = YES;
				CLANG_WARN_UNGUARDED_AVAILABILITY = YES_AGGRESSIVE;
				CLANG_WARN_UNREACHABLE_CODE = YES;
				CLANG_WARN__DUPLICATE_METHOD_MATCH = YES;
				COPY_PHASE_STRIP = NO;
				DEBUG_INFORMATION_FORMAT = "dwarf-with-dsym";
				ENABLE_NS_ASSERTIONS = NO;
				ENABLE_STRICT_OBJC_MSGSEND = YES;
				GCC_C_LANGUAGE_STANDARD = gnu11;
				GCC_NO_COMMON_BLOCKS = YES;
				GCC_WARN_64_TO_32_BIT_CONVERSION = YES;
				GCC_WARN_ABOUT_RETURN_TYPE = YES_ERROR;
				GCC_WARN_UNDECLARED_SELECTOR = YES;
				GCC_WARN_UNINITIALIZED_AUTOS = YES_AGGRESSIVE;
				GCC_WARN_UNUSED_FUNCTION = YES;
				GCC_WARN_UNUSED_VARIABLE = YES;
				IPHONEOS_DEPLOYMENT_TARGET = 13.4;
				MTL_ENABLE_DEBUG_INFO = NO;
				MTL_FAST_MATH = YES;
				SDKROOT = iphoneos;
				SWIFT_COMPILATION_MODE = wholemodule;
				SWIFT_OPTIMIZATION_LEVEL = "-O";
				VALIDATE_PRODUCT = YES;
			};
			name = Release;
		};
		FBE2B8D42463DDF400B4AFCB /* Debug */ = {
			isa = XCBuildConfiguration;
			buildSettings = {
				ASSETCATALOG_COMPILER_APPICON_NAME = AppIcon;
				CODE_SIGN_STYLE = Automatic;
				DEVELOPMENT_ASSET_PATHS = "\"WelcomePrompt/Preview Content\"";
				DEVELOPMENT_TEAM = CR6A36FH26;
				ENABLE_PREVIEWS = YES;
				INFOPLIST_FILE = WelcomePrompt/Info.plist;
				LD_RUNPATH_SEARCH_PATHS = (
					"$(inherited)",
					"@executable_path/Frameworks",
				);
				PRODUCT_BUNDLE_IDENTIFIER = com.test.mohshin.WelcomePrompt;
				PRODUCT_NAME = "$(TARGET_NAME)";
				SWIFT_VERSION = 5.0;
				TARGETED_DEVICE_FAMILY = "1,2";
			};
			name = Debug;
		};
		FBE2B8D52463DDF400B4AFCB /* Release */ = {
			isa = XCBuildConfiguration;
			buildSettings = {
				ASSETCATALOG_COMPILER_APPICON_NAME = AppIcon;
				CODE_SIGN_STYLE = Automatic;
				DEVELOPMENT_ASSET_PATHS = "\"WelcomePrompt/Preview Content\"";
				DEVELOPMENT_TEAM = CR6A36FH26;
				ENABLE_PREVIEWS = YES;
				INFOPLIST_FILE = WelcomePrompt/Info.plist;
				LD_RUNPATH_SEARCH_PATHS = (
					"$(inherited)",
					"@executable_path/Frameworks",
				);
				PRODUCT_BUNDLE_IDENTIFIER = com.test.mohshin.WelcomePrompt;
				PRODUCT_NAME = "$(TARGET_NAME)";
				SWIFT_VERSION = 5.0;
				TARGETED_DEVICE_FAMILY = "1,2";
			};
			name = Release;
		};
/* End XCBuildConfiguration section */

/* Begin XCConfigurationList section */
		FBE2B8BA2463DDF300B4AFCB /* Build configuration list for PBXProject "WelcomePrompt" */ = {
			isa = XCConfigurationList;
			buildConfigurations = (
				FBE2B8D12463DDF400B4AFCB /* Debug */,
				FBE2B8D22463DDF400B4AFCB /* Release */,
			);
			defaultConfigurationIsVisible = 0;
			defaultConfigurationName = Release;
		};
		FBE2B8D32463DDF400B4AFCB /* Build configuration list for PBXNativeTarget "WelcomePrompt" */ = {
			isa = XCConfigurationList;
			buildConfigurations = (
				FBE2B8D42463DDF400B4AFCB /* Debug */,
				FBE2B8D52463DDF400B4AFCB /* Release */,
			);
			defaultConfigurationIsVisible = 0;
			defaultConfigurationName = Release;
		};
/* End XCConfigurationList section */
	};
	rootObject = FBE2B8B72463DDF300B4AFCB /* Project object */;
}
